
Microsoft Visual Studio Solution File, Format Version 12.00
# Visual Studio Version 17
VisualStudioVersion = 17.8.34330.188
MinimumVisualStudioVersion = 10.0.40219.1
Project("{8BC9CEB8-8B4A-11D0-8D11-00A0C91BC942}") = "no_lib_game", "no_lib_game.vcxproj", "{6EF3E07A-86BE-4CF9-85D6-5DC480F05677}"
EndProject
Global
	GlobalSection(SolutionConfigurationPlatforms) = preSolution
		Debug|x64 = Debug|x64
		Debug|x86 = Debug|x86
		Release|x64 = Release|x64
		Release|x86 = Release|x86
	EndGlobalSection
	GlobalSection(ProjectConfigurationPlatforms) = postSolution
		{6EF3E07A-86BE-4CF9-85D6-5DC480F05677}.Debug|x64.ActiveCfg = Debug|x64
		{6EF3E07A-86BE-4CF9-85D6-5DC480F05677}.Debug|x64.Build.0 = Debug|x64
		{6EF3E07A-86BE-4CF9-85D6-5DC480F05677}.Debug|x86.ActiveCfg = Debug|Win32
		{6EF3E07A-86BE-4CF9-85D6-5DC480F05677}.Debug|x86.Build.0 = Debug|Win32
		{6EF3E07A-86BE-4CF9-85D6-5DC480F05677}.Release|x64.ActiveCfg = Release|x64
		{6EF3E07A-86BE-4CF9-85D6-5DC480F05677}.Release|x64.Build.0 = Release|x64
		{6EF3E07A-86BE-4CF9-85D6-5DC480F05677}.Release|x86.ActiveCfg = Release|Win32
		{6EF3E07A-86BE-4CF9-85D6-5DC480F05677}.Release|x86.Build.0 = Release|Win32
	EndGlobalSection
	GlobalSection(SolutionProperties) = preSolution
		HideSolutionNode = FALSE
	EndGlobalSection
	GlobalSection(ExtensibilityGlobals) = postSolution
		SolutionGuid = {AB7B4EE0-8F5A-479A-A680-A56615B4F88A}
	EndGlobalSection
EndGlobal
